// !$*UTF8*$!
{
	archiveVersion = 1;
	classes = {
	};
	objectVersion = 46;
	objects = {

/* Begin PBXBuildFile section */
		5902603C1CBCA79E0068E825 /* LaunchDemo.m in Sources */ = {isa = PBXBuildFile; fileRef = 5902603B1CBCA79E0068E825 /* LaunchDemo.m */; };
		59038D241C706B43007BE74D /* ___Tests.m in Sources */ = {isa = PBXBuildFile; fileRef = 59038D231C706B43007BE74D /* ___Tests.m */; };
		59038D2F1C706B43007BE74D /* ___UITests.m in Sources */ = {isa = PBXBuildFile; fileRef = 59038D2E1C706B43007BE74D /* ___UITests.m */; };
		59269AAE1CA8C7ED00CC9620 /* NewsViewController.m in Sources */ = {isa = PBXBuildFile; fileRef = 59269AAD1CA8C7ED00CC9620 /* NewsViewController.m */; };
		59269ABA1CA8C7FE00CC9620 /* AppDelegate.m in Sources */ = {isa = PBXBuildFile; fileRef = 59269AB11CA8C7FE00CC9620 /* AppDelegate.m */; };
		59269ABB1CA8C7FE00CC9620 /* Assets.xcassets in Resources */ = {isa = PBXBuildFile; fileRef = 59269AB21CA8C7FE00CC9620 /* Assets.xcassets */; };
		59269ABC1CA8C7FE00CC9620 /* LaunchScreen.storyboard in Resources */ = {isa = PBXBuildFile; fileRef = 59269AB31CA8C7FE00CC9620 /* LaunchScreen.storyboard */; };
		59269ABD1CA8C7FE00CC9620 /* Main.storyboard in Resources */ = {isa = PBXBuildFile; fileRef = 59269AB51CA8C7FE00CC9620 /* Main.storyboard */; };
		59269ABF1CA8C7FE00CC9620 /* main.m in Sources */ = {isa = PBXBuildFile; fileRef = 59269AB81CA8C7FE00CC9620 /* main.m */; };
		59269AC41CA8CA8F00CC9620 /* Info.plist in Resources */ = {isa = PBXBuildFile; fileRef = 59269AC31CA8CA8F00CC9620 /* Info.plist */; };
		596C80C51C706D6C00CFF0DA /* MainTabBarViewController.m in Sources */ = {isa = PBXBuildFile; fileRef = 596C80C41C706D6C00CFF0DA /* MainTabBarViewController.m */; };
		596C80D11C70725C00CFF0DA /* TempViewController.m in Sources */ = {isa = PBXBuildFile; fileRef = 596C80D01C70725C00CFF0DA /* TempViewController.m */; };
		596C80DC1C7079E200CFF0DA /* Reveal.framework in Frameworks */ = {isa = PBXBuildFile; fileRef = 596C80DB1C7079E200CFF0DA /* Reveal.framework */; };
		59EC15691CAC291D00B2AEF5 /* LoginViewController.m in Sources */ = {isa = PBXBuildFile; fileRef = 59EC15671CAC291D00B2AEF5 /* LoginViewController.m */; };
		59EC156A1CAC291D00B2AEF5 /* LoginViewController.xib in Resources */ = {isa = PBXBuildFile; fileRef = 59EC15681CAC291D00B2AEF5 /* LoginViewController.xib */; };
		90E70C287226F37CAB9ED2B5 /* libPods.a in Frameworks */ = {isa = PBXBuildFile; fileRef = 3225A0A78324430BE11DBB07 /* libPods.a */; };
/* End PBXBuildFile section */

/* Begin PBXContainerItemProxy section */
		59038D201C706B43007BE74D /* PBXContainerItemProxy */ = {
			isa = PBXContainerItemProxy;
			containerPortal = 59038CFE1C706B42007BE74D /* Project object */;
			proxyType = 1;
			remoteGlobalIDString = 59038D051C706B42007BE74D;
			remoteInfo = "家校通";
		};
		59038D2B1C706B43007BE74D /* PBXContainerItemProxy */ = {
			isa = PBXContainerItemProxy;
			containerPortal = 59038CFE1C706B42007BE74D /* Project object */;
			proxyType = 1;
			remoteGlobalIDString = 59038D051C706B42007BE74D;
			remoteInfo = "家校通";
		};
/* End PBXContainerItemProxy section */

/* Begin PBXFileReference section */
		305C305E7DD8B33F7D85B01C /* Pods.debug.xcconfig */ = {isa = PBXFileReference; includeInIndex = 1; lastKnownFileType = text.xcconfig; name = Pods.debug.xcconfig; path = "Pods/Target Support Files/Pods/Pods.debug.xcconfig"; sourceTree = "<group>"; };
		3225A0A78324430BE11DBB07 /* libPods.a */ = {isa = PBXFileReference; explicitFileType = archive.ar; includeInIndex = 0; path = libPods.a; sourceTree = BUILT_PRODUCTS_DIR; };
		5902603A1CBCA79E0068E825 /* LaunchDemo.h */ = {isa = PBXFileReference; fileEncoding = 4; lastKnownFileType = sourcecode.c.h; path = LaunchDemo.h; sourceTree = "<group>"; };
		5902603B1CBCA79E0068E825 /* LaunchDemo.m */ = {isa = PBXFileReference; fileEncoding = 4; lastKnownFileType = sourcecode.c.objc; path = LaunchDemo.m; sourceTree = "<group>"; };
		59038D061C706B42007BE74D /* 家校通.app */ = {isa = PBXFileReference; explicitFileType = wrapper.application; includeInIndex = 0; path = "家校通.app"; sourceTree = BUILT_PRODUCTS_DIR; };
		59038D1F1C706B43007BE74D /* 家校通Tests.xctest */ = {isa = PBXFileReference; explicitFileType = wrapper.cfbundle; includeInIndex = 0; path = "家校通Tests.xctest"; sourceTree = BUILT_PRODUCTS_DIR; };
		59038D231C706B43007BE74D /* ___Tests.m */ = {isa = PBXFileReference; lastKnownFileType = sourcecode.c.objc; path = "___Tests.m"; sourceTree = "<group>"; };
		59038D251C706B43007BE74D /* Info.plist */ = {isa = PBXFileReference; lastKnownFileType = text.plist.xml; path = Info.plist; sourceTree = "<group>"; };
		59038D2A1C706B43007BE74D /* 家校通UITests.xctest */ = {isa = PBXFileReference; explicitFileType = wrapper.cfbundle; includeInIndex = 0; path = "家校通UITests.xctest"; sourceTree = BUILT_PRODUCTS_DIR; };
		59038D2E1C706B43007BE74D /* ___UITests.m */ = {isa = PBXFileReference; lastKnownFileType = sourcecode.c.objc; path = "___UITests.m"; sourceTree = "<group>"; };
		59038D301C706B43007BE74D /* Info.plist */ = {isa = PBXFileReference; lastKnownFileType = text.plist.xml; path = Info.plist; sourceTree = "<group>"; };
		59269AAC1CA8C7ED00CC9620 /* NewsViewController.h */ = {isa = PBXFileReference; fileEncoding = 4; lastKnownFileType = sourcecode.c.h; path = NewsViewController.h; sourceTree = "<group>"; };
		59269AAD1CA8C7ED00CC9620 /* NewsViewController.m */ = {isa = PBXFileReference; fileEncoding = 4; lastKnownFileType = sourcecode.c.objc; path = NewsViewController.m; sourceTree = "<group>"; };
		59269AB01CA8C7FE00CC9620 /* AppDelegate.h */ = {isa = PBXFileReference; fileEncoding = 4; lastKnownFileType = sourcecode.c.h; name = AppDelegate.h; path = "Supporting Files/AppDelegate.h"; sourceTree = "<group>"; };
		59269AB11CA8C7FE00CC9620 /* AppDelegate.m */ = {isa = PBXFileReference; fileEncoding = 4; lastKnownFileType = sourcecode.c.objc; name = AppDelegate.m; path = "Supporting Files/AppDelegate.m"; sourceTree = "<group>"; };
		59269AB21CA8C7FE00CC9620 /* Assets.xcassets */ = {isa = PBXFileReference; lastKnownFileType = folder.assetcatalog; path = Assets.xcassets; sourceTree = "<group>"; };
		59269AB41CA8C7FE00CC9620 /* Base */ = {isa = PBXFileReference; lastKnownFileType = file.storyboard; name = Base; path = Base.lproj/LaunchScreen.storyboard; sourceTree = "<group>"; };
		59269AB61CA8C7FE00CC9620 /* Base */ = {isa = PBXFileReference; lastKnownFileType = file.storyboard; name = Base; path = Base.lproj/Main.storyboard; sourceTree = "<group>"; };
		59269AB81CA8C7FE00CC9620 /* main.m */ = {isa = PBXFileReference; fileEncoding = 4; lastKnownFileType = sourcecode.c.objc; path = main.m; sourceTree = "<group>"; };
		59269AB91CA8C7FE00CC9620 /* PrefixHeader.pch */ = {isa = PBXFileReference; fileEncoding = 4; lastKnownFileType = sourcecode.c.h; path = PrefixHeader.pch; sourceTree = "<group>"; };
		59269AC31CA8CA8F00CC9620 /* Info.plist */ = {isa = PBXFileReference; fileEncoding = 4; lastKnownFileType = text.plist.xml; name = Info.plist; path = ../Info.plist; sourceTree = "<group>"; };
		596C80C31C706D6C00CFF0DA /* MainTabBarViewController.h */ = {isa = PBXFileReference; fileEncoding = 4; lastKnownFileType = sourcecode.c.h; name = MainTabBarViewController.h; path = MainInterface/MainTabBarViewController.h; sourceTree = "<group>"; };
		596C80C41C706D6C00CFF0DA /* MainTabBarViewController.m */ = {isa = PBXFileReference; fileEncoding = 4; lastKnownFileType = sourcecode.c.objc; name = MainTabBarViewController.m; path = MainInterface/MainTabBarViewController.m; sourceTree = "<group>"; };
		596C80CF1C70725C00CFF0DA /* TempViewController.h */ = {isa = PBXFileReference; fileEncoding = 4; lastKnownFileType = sourcecode.c.h; name = TempViewController.h; path = MainInterface/TempViewController.h; sourceTree = "<group>"; };
		596C80D01C70725C00CFF0DA /* TempViewController.m */ = {isa = PBXFileReference; fileEncoding = 4; lastKnownFileType = sourcecode.c.objc; name = TempViewController.m; path = MainInterface/TempViewController.m; sourceTree = "<group>"; };
		596C80DB1C7079E200CFF0DA /* Reveal.framework */ = {isa = PBXFileReference; lastKnownFileType = wrapper.framework; name = Reveal.framework; path = Frameworks/Reveal.framework; sourceTree = "<group>"; };
		59EC15661CAC291D00B2AEF5 /* LoginViewController.h */ = {isa = PBXFileReference; fileEncoding = 4; lastKnownFileType = sourcecode.c.h; path = LoginViewController.h; sourceTree = "<group>"; };
		59EC15671CAC291D00B2AEF5 /* LoginViewController.m */ = {isa = PBXFileReference; fileEncoding = 4; lastKnownFileType = sourcecode.c.objc; path = LoginViewController.m; sourceTree = "<group>"; };
		59EC15681CAC291D00B2AEF5 /* LoginViewController.xib */ = {isa = PBXFileReference; fileEncoding = 4; lastKnownFileType = file.xib; path = LoginViewController.xib; sourceTree = "<group>"; };
		EB8B5C3766110C64F9273C4A /* Pods.release.xcconfig */ = {isa = PBXFileReference; includeInIndex = 1; lastKnownFileType = text.xcconfig; name = Pods.release.xcconfig; path = "Pods/Target Support Files/Pods/Pods.release.xcconfig"; sourceTree = "<group>"; };
/* End PBXFileReference section */

/* Begin PBXFrameworksBuildPhase section */
		59038D031C706B42007BE74D /* Frameworks */ = {
			isa = PBXFrameworksBuildPhase;
			buildActionMask = 2147483647;
			files = (
				596C80DC1C7079E200CFF0DA /* Reveal.framework in Frameworks */,
				90E70C287226F37CAB9ED2B5 /* libPods.a in Frameworks */,
			);
			runOnlyForDeploymentPostprocessing = 0;
		};
		59038D1C1C706B43007BE74D /* Frameworks */ = {
			isa = PBXFrameworksBuildPhase;
			buildActionMask = 2147483647;
			files = (
			);
			runOnlyForDeploymentPostprocessing = 0;
		};
		59038D271C706B43007BE74D /* Frameworks */ = {
			isa = PBXFrameworksBuildPhase;
			buildActionMask = 2147483647;
			files = (
			);
			runOnlyForDeploymentPostprocessing = 0;
		};
/* End PBXFrameworksBuildPhase section */

/* Begin PBXGroup section */
		2E3150A0A0125EF808284664 /* Frameworks */ = {
			isa = PBXGroup;
			children = (
				3225A0A78324430BE11DBB07 /* libPods.a */,
			);
			name = Frameworks;
			sourceTree = "<group>";
		};
		4DA041395D388CD7700EDCD4 /* Pods */ = {
			isa = PBXGroup;
			children = (
				305C305E7DD8B33F7D85B01C /* Pods.debug.xcconfig */,
				EB8B5C3766110C64F9273C4A /* Pods.release.xcconfig */,
			);
			name = Pods;
			sourceTree = "<group>";
		};
		590260351CBCA7750068E825 /* Libs */ = {
			isa = PBXGroup;
			children = (
				590260391CBCA79E0068E825 /* Launch */,
			);
			path = Libs;
			sourceTree = "<group>";
		};
		590260391CBCA79E0068E825 /* Launch */ = {
			isa = PBXGroup;
			children = (
				5902603A1CBCA79E0068E825 /* LaunchDemo.h */,
				5902603B1CBCA79E0068E825 /* LaunchDemo.m */,
			);
			path = Launch;
			sourceTree = "<group>";
		};
		59038CFD1C706B42007BE74D = {
			isa = PBXGroup;
			children = (
				59038D081C706B42007BE74D /* 家校通 */,
				59038D221C706B43007BE74D /* 家校通Tests */,
				59038D2D1C706B43007BE74D /* 家校通UITests */,
				59038D071C706B42007BE74D /* Products */,
				4DA041395D388CD7700EDCD4 /* Pods */,
				2E3150A0A0125EF808284664 /* Frameworks */,
			);
			sourceTree = "<group>";
		};
		59038D071C706B42007BE74D /* Products */ = {
			isa = PBXGroup;
			children = (
				59038D061C706B42007BE74D /* 家校通.app */,
				59038D1F1C706B43007BE74D /* 家校通Tests.xctest */,
				59038D2A1C706B43007BE74D /* 家校通UITests.xctest */,
			);
			name = Products;
			sourceTree = "<group>";
		};
		59038D081C706B42007BE74D /* 家校通 */ = {
			isa = PBXGroup;
			children = (
				59269AB01CA8C7FE00CC9620 /* AppDelegate.h */,
				59269AB11CA8C7FE00CC9620 /* AppDelegate.m */,
				590260351CBCA7750068E825 /* Libs */,
				59EC15621CAC1FCE00B2AEF5 /* Login */,
				596C80C21C706CE000CFF0DA /* MainInterface */,
				59269AAA1CA8C7ED00CC9620 /* News */,
				59269AAF1CA8C7FE00CC9620 /* Supporting Files */,
				596C80DA1C70792A00CFF0DA /* Frameworks */,
			);
			path = "家校通";
			sourceTree = "<group>";
		};
		59038D221C706B43007BE74D /* 家校通Tests */ = {
			isa = PBXGroup;
			children = (
				59038D231C706B43007BE74D /* ___Tests.m */,
				59038D251C706B43007BE74D /* Info.plist */,
			);
			path = "家校通Tests";
			sourceTree = "<group>";
		};
		59038D2D1C706B43007BE74D /* 家校通UITests */ = {
			isa = PBXGroup;
			children = (
				59038D2E1C706B43007BE74D /* ___UITests.m */,
				59038D301C706B43007BE74D /* Info.plist */,
			);
			path = "家校通UITests";
			sourceTree = "<group>";
		};
		59269AAA1CA8C7ED00CC9620 /* News */ = {
			isa = PBXGroup;
			children = (
				59269AAB1CA8C7ED00CC9620 /* ViewControllers */,
			);
			path = News;
			sourceTree = "<group>";
		};
		59269AAB1CA8C7ED00CC9620 /* ViewControllers */ = {
			isa = PBXGroup;
			children = (
				59269AAC1CA8C7ED00CC9620 /* NewsViewController.h */,
				59269AAD1CA8C7ED00CC9620 /* NewsViewController.m */,
			);
			path = ViewControllers;
			sourceTree = "<group>";
		};
		59269AAF1CA8C7FE00CC9620 /* Supporting Files */ = {
			isa = PBXGroup;
			children = (
				59269AC31CA8CA8F00CC9620 /* Info.plist */,
				59269AB21CA8C7FE00CC9620 /* Assets.xcassets */,
				59269AB31CA8C7FE00CC9620 /* LaunchScreen.storyboard */,
				59269AB51CA8C7FE00CC9620 /* Main.storyboard */,
				59269AB81CA8C7FE00CC9620 /* main.m */,
				59269AB91CA8C7FE00CC9620 /* PrefixHeader.pch */,
			);
			path = "Supporting Files";
			sourceTree = "<group>";
		};
		596C80C21C706CE000CFF0DA /* MainInterface */ = {
			isa = PBXGroup;
			children = (
				596C80CF1C70725C00CFF0DA /* TempViewController.h */,
				596C80D01C70725C00CFF0DA /* TempViewController.m */,
				596C80C31C706D6C00CFF0DA /* MainTabBarViewController.h */,
				596C80C41C706D6C00CFF0DA /* MainTabBarViewController.m */,
			);
			name = MainInterface;
			sourceTree = "<group>";
		};
		596C80DA1C70792A00CFF0DA /* Frameworks */ = {
			isa = PBXGroup;
			children = (
				596C80DB1C7079E200CFF0DA /* Reveal.framework */,
			);
			name = Frameworks;
			sourceTree = "<group>";
		};
		59EC15621CAC1FCE00B2AEF5 /* Login */ = {
			isa = PBXGroup;
			children = (
				59EC15661CAC291D00B2AEF5 /* LoginViewController.h */,
				59EC15671CAC291D00B2AEF5 /* LoginViewController.m */,
				59EC15681CAC291D00B2AEF5 /* LoginViewController.xib */,
			);
			path = Login;
			sourceTree = "<group>";
		};
/* End PBXGroup section */

/* Begin PBXNativeTarget section */
		59038D051C706B42007BE74D /* 家校通 */ = {
			isa = PBXNativeTarget;
			buildConfigurationList = 59038D331C706B43007BE74D /* Build configuration list for PBXNativeTarget "家校通" */;
			buildPhases = (
				91444B7A4BFCB09A46E46443 /* Check Pods Manifest.lock */,
				59038D021C706B42007BE74D /* Sources */,
				59038D031C706B42007BE74D /* Frameworks */,
				59038D041C706B42007BE74D /* Resources */,
				0C8B3628800D29253898C144 /* Embed Pods Frameworks */,
				61DEB80B700F482F82338927 /* Copy Pods Resources */,
			);
			buildRules = (
			);
			dependencies = (
			);
			name = "家校通";
			productName = "家校通";
			productReference = 59038D061C706B42007BE74D /* 家校通.app */;
			productType = "com.apple.product-type.application";
		};
		59038D1E1C706B43007BE74D /* 家校通Tests */ = {
			isa = PBXNativeTarget;
			buildConfigurationList = 59038D361C706B43007BE74D /* Build configuration list for PBXNativeTarget "家校通Tests" */;
			buildPhases = (
				59038D1B1C706B43007BE74D /* Sources */,
				59038D1C1C706B43007BE74D /* Frameworks */,
				59038D1D1C706B43007BE74D /* Resources */,
			);
			buildRules = (
			);
			dependencies = (
				59038D211C706B43007BE74D /* PBXTargetDependency */,
			);
			name = "家校通Tests";
			productName = "家校通Tests";
			productReference = 59038D1F1C706B43007BE74D /* 家校通Tests.xctest */;
			productType = "com.apple.product-type.bundle.unit-test";
		};
		59038D291C706B43007BE74D /* 家校通UITests */ = {
			isa = PBXNativeTarget;
			buildConfigurationList = 59038D391C706B43007BE74D /* Build configuration list for PBXNativeTarget "家校通UITests" */;
			buildPhases = (
				59038D261C706B43007BE74D /* Sources */,
				59038D271C706B43007BE74D /* Frameworks */,
				59038D281C706B43007BE74D /* Resources */,
			);
			buildRules = (
			);
			dependencies = (
				59038D2C1C706B43007BE74D /* PBXTargetDependency */,
			);
			name = "家校通UITests";
			productName = "家校通UITests";
			productReference = 59038D2A1C706B43007BE74D /* 家校通UITests.xctest */;
			productType = "com.apple.product-type.bundle.ui-testing";
		};
/* End PBXNativeTarget section */

/* Begin PBXProject section */
		59038CFE1C706B42007BE74D /* Project object */ = {
			isa = PBXProject;
			attributes = {
				LastUpgradeCheck = 0720;
				ORGANIZATIONNAME = Sunny;
				TargetAttributes = {
					59038D051C706B42007BE74D = {
						CreatedOnToolsVersion = 7.2.1;
						DevelopmentTeam = XSG6ZK7ZQR;
					};
					59038D1E1C706B43007BE74D = {
						CreatedOnToolsVersion = 7.2.1;
						TestTargetID = 59038D051C706B42007BE74D;
					};
					59038D291C706B43007BE74D = {
						CreatedOnToolsVersion = 7.2.1;
						TestTargetID = 59038D051C706B42007BE74D;
					};
				};
			};
			buildConfigurationList = 59038D011C706B42007BE74D /* Build configuration list for PBXProject "家校通" */;
			compatibilityVersion = "Xcode 3.2";
			developmentRegion = English;
			hasScannedForEncodings = 0;
			knownRegions = (
				en,
				Base,
			);
			mainGroup = 59038CFD1C706B42007BE74D;
			productRefGroup = 59038D071C706B42007BE74D /* Products */;
			projectDirPath = "";
			projectRoot = "";
			targets = (
				59038D051C706B42007BE74D /* 家校通 */,
				59038D1E1C706B43007BE74D /* 家校通Tests */,
				59038D291C706B43007BE74D /* 家校通UITests */,
			);
		};
/* End PBXProject section */

/* Begin PBXResourcesBuildPhase section */
		59038D041C706B42007BE74D /* Resources */ = {
			isa = PBXResourcesBuildPhase;
			buildActionMask = 2147483647;
			files = (
				59EC156A1CAC291D00B2AEF5 /* LoginViewController.xib in Resources */,
				59269AC41CA8CA8F00CC9620 /* Info.plist in Resources */,
				59269ABD1CA8C7FE00CC9620 /* Main.storyboard in Resources */,
				59269ABB1CA8C7FE00CC9620 /* Assets.xcassets in Resources */,
				59269ABC1CA8C7FE00CC9620 /* LaunchScreen.storyboard in Resources */,
			);
			runOnlyForDeploymentPostprocessing = 0;
		};
		59038D1D1C706B43007BE74D /* Resources */ = {
			isa = PBXResourcesBuildPhase;
			buildActionMask = 2147483647;
			files = (
			);
			runOnlyForDeploymentPostprocessing = 0;
		};
		59038D281C706B43007BE74D /* Resources */ = {
			isa = PBXResourcesBuildPhase;
			buildActionMask = 2147483647;
			files = (
			);
			runOnlyForDeploymentPostprocessing = 0;
		};
/* End PBXResourcesBuildPhase section */

/* Begin PBXShellScriptBuildPhase section */
		0C8B3628800D29253898C144 /* Embed Pods Frameworks */ = {
			isa = PBXShellScriptBuildPhase;
			buildActionMask = 2147483647;
			files = (
			);
			inputPaths = (
			);
			name = "Embed Pods Frameworks";
			outputPaths = (
			);
			runOnlyForDeploymentPostprocessing = 0;
			shellPath = /bin/sh;
			shellScript = "\"${SRCROOT}/Pods/Target Support Files/Pods/Pods-frameworks.sh\"\n";
			showEnvVarsInLog = 0;
		};
		61DEB80B700F482F82338927 /* Copy Pods Resources */ = {
			isa = PBXShellScriptBuildPhase;
			buildActionMask = 2147483647;
			files = (
			);
			inputPaths = (
			);
			name = "Copy Pods Resources";
			outputPaths = (
			);
			runOnlyForDeploymentPostprocessing = 0;
			shellPath = /bin/sh;
			shellScript = "\"${SRCROOT}/Pods/Target Support Files/Pods/Pods-resources.sh\"\n";
			showEnvVarsInLog = 0;
		};
		91444B7A4BFCB09A46E46443 /* Check Pods Manifest.lock */ = {
			isa = PBXShellScriptBuildPhase;
			buildActionMask = 2147483647;
			files = (
			);
			inputPaths = (
			);
			name = "Check Pods Manifest.lock";
			outputPaths = (
			);
			runOnlyForDeploymentPostprocessing = 0;
			shellPath = /bin/sh;
			shellScript = "diff \"${PODS_ROOT}/../Podfile.lock\" \"${PODS_ROOT}/Manifest.lock\" > /dev/null\nif [[ $? != 0 ]] ; then\n    cat << EOM\nerror: The sandbox is not in sync with the Podfile.lock. Run 'pod install' or update your CocoaPods installation.\nEOM\n    exit 1\nfi\n";
			showEnvVarsInLog = 0;
		};
/* End PBXShellScriptBuildPhase section */

/* Begin PBXSourcesBuildPhase section */
		59038D021C706B42007BE74D /* Sources */ = {
			isa = PBXSourcesBuildPhase;
			buildActionMask = 2147483647;
			files = (
				59269ABF1CA8C7FE00CC9620 /* main.m in Sources */,
				59269ABA1CA8C7FE00CC9620 /* AppDelegate.m in Sources */,
				59EC15691CAC291D00B2AEF5 /* LoginViewController.m in Sources */,
				596C80D11C70725C00CFF0DA /* TempViewController.m in Sources */,
				596C80C51C706D6C00CFF0DA /* MainTabBarViewController.m in Sources */,
				59269AAE1CA8C7ED00CC9620 /* NewsViewController.m in Sources */,
				5902603C1CBCA79E0068E825 /* LaunchDemo.m in Sources */,
			);
			runOnlyForDeploymentPostprocessing = 0;
		};
		59038D1B1C706B43007BE74D /* Sources */ = {
			isa = PBXSourcesBuildPhase;
			buildActionMask = 2147483647;
			files = (
				59038D241C706B43007BE74D /* ___Tests.m in Sources */,
			);
			runOnlyForDeploymentPostprocessing = 0;
		};
		59038D261C706B43007BE74D /* Sources */ = {
			isa = PBXSourcesBuildPhase;
			buildActionMask = 2147483647;
			files = (
				59038D2F1C706B43007BE74D /* ___UITests.m in Sources */,
			);
			runOnlyForDeploymentPostprocessing = 0;
		};
/* End PBXSourcesBuildPhase section */

/* Begin PBXTargetDependency section */
		59038D211C706B43007BE74D /* PBXTargetDependency */ = {
			isa = PBXTargetDependency;
			target = 59038D051C706B42007BE74D /* 家校通 */;
			targetProxy = 59038D201C706B43007BE74D /* PBXContainerItemProxy */;
		};
		59038D2C1C706B43007BE74D /* PBXTargetDependency */ = {
			isa = PBXTargetDependency;
			target = 59038D051C706B42007BE74D /* 家校通 */;
			targetProxy = 59038D2B1C706B43007BE74D /* PBXContainerItemProxy */;
		};
/* End PBXTargetDependency section */

/* Begin PBXVariantGroup section */
		59269AB31CA8C7FE00CC9620 /* LaunchScreen.storyboard */ = {
			isa = PBXVariantGroup;
			children = (
				59269AB41CA8C7FE00CC9620 /* Base */,
			);
			name = LaunchScreen.storyboard;
			sourceTree = "<group>";
		};
		59269AB51CA8C7FE00CC9620 /* Main.storyboard */ = {
			isa = PBXVariantGroup;
			children = (
				59269AB61CA8C7FE00CC9620 /* Base */,
			);
			name = Main.storyboard;
			sourceTree = "<group>";
		};
/* End PBXVariantGroup section */

/* Begin XCBuildConfiguration section */
		59038D311C706B43007BE74D /* Debug */ = {
			isa = XCBuildConfiguration;
			buildSettings = {
				ALWAYS_SEARCH_USER_PATHS = NO;
				CLANG_CXX_LANGUAGE_STANDARD = "gnu++0x";
				CLANG_CXX_LIBRARY = "libc++";
				CLANG_ENABLE_MODULES = YES;
				CLANG_ENABLE_OBJC_ARC = YES;
				CLANG_WARN_BOOL_CONVERSION = YES;
				CLANG_WARN_CONSTANT_CONVERSION = YES;
				CLANG_WARN_DIRECT_OBJC_ISA_USAGE = YES_ERROR;
				CLANG_WARN_EMPTY_BODY = YES;
				CLANG_WARN_ENUM_CONVERSION = YES;
				CLANG_WARN_INT_CONVERSION = YES;
				CLANG_WARN_OBJC_ROOT_CLASS = YES_ERROR;
				CLANG_WARN_UNREACHABLE_CODE = YES;
				CLANG_WARN__DUPLICATE_METHOD_MATCH = YES;
				"CODE_SIGN_IDENTITY[sdk=iphoneos*]" = "iPhone Developer";
				COPY_PHASE_STRIP = NO;
				DEBUG_INFORMATION_FORMAT = dwarf;
				ENABLE_STRICT_OBJC_MSGSEND = YES;
				ENABLE_TESTABILITY = YES;
				GCC_C_LANGUAGE_STANDARD = gnu99;
				GCC_DYNAMIC_NO_PIC = NO;
				GCC_NO_COMMON_BLOCKS = YES;
				GCC_OPTIMIZATION_LEVEL = 0;
				GCC_PREPROCESSOR_DEFINITIONS = (
					"DEBUG=1",
					"$(inherited)",
				);
				GCC_WARN_64_TO_32_BIT_CONVERSION = YES;
				GCC_WARN_ABOUT_RETURN_TYPE = YES_ERROR;
				GCC_WARN_UNDECLARED_SELECTOR = YES;
				GCC_WARN_UNINITIALIZED_AUTOS = YES_AGGRESSIVE;
				GCC_WARN_UNUSED_FUNCTION = YES;
				GCC_WARN_UNUSED_VARIABLE = YES;
				IPHONEOS_DEPLOYMENT_TARGET = 8.0;
				MTL_ENABLE_DEBUG_INFO = YES;
				ONLY_ACTIVE_ARCH = YES;
				SDKROOT = iphoneos;
			};
			name = Debug;
		};
		59038D321C706B43007BE74D /* Release */ = {
			isa = XCBuildConfiguration;
			buildSettings = {
				ALWAYS_SEARCH_USER_PATHS = NO;
				CLANG_CXX_LANGUAGE_STANDARD = "gnu++0x";
				CLANG_CXX_LIBRARY = "libc++";
				CLANG_ENABLE_MODULES = YES;
				CLANG_ENABLE_OBJC_ARC = YES;
				CLANG_WARN_BOOL_CONVERSION = YES;
				CLANG_WARN_CONSTANT_CONVERSION = YES;
				CLANG_WARN_DIRECT_OBJC_ISA_USAGE = YES_ERROR;
				CLANG_WARN_EMPTY_BODY = YES;
				CLANG_WARN_ENUM_CONVERSION = YES;
				CLANG_WARN_INT_CONVERSION = YES;
				CLANG_WARN_OBJC_ROOT_CLASS = YES_ERROR;
				CLANG_WARN_UNREACHABLE_CODE = YES;
				CLANG_WARN__DUPLICATE_METHOD_MATCH = YES;
				"CODE_SIGN_IDENTITY[sdk=iphoneos*]" = "iPhone Developer";
				COPY_PHASE_STRIP = NO;
				DEBUG_INFORMATION_FORMAT = "dwarf-with-dsym";
				ENABLE_NS_ASSERTIONS = NO;
				ENABLE_STRICT_OBJC_MSGSEND = YES;
				GCC_C_LANGUAGE_STANDARD = gnu99;
				GCC_NO_COMMON_BLOCKS = YES;
				GCC_WARN_64_TO_32_BIT_CONVERSION = YES;
				GCC_WARN_ABOUT_RETURN_TYPE = YES_ERROR;
				GCC_WARN_UNDECLARED_SELECTOR = YES;
				GCC_WARN_UNINITIALIZED_AUTOS = YES_AGGRESSIVE;
				GCC_WARN_UNUSED_FUNCTION = YES;
				GCC_WARN_UNUSED_VARIABLE = YES;
				IPHONEOS_DEPLOYMENT_TARGET = 8.0;
				MTL_ENABLE_DEBUG_INFO = NO;
				SDKROOT = iphoneos;
				VALIDATE_PRODUCT = YES;
			};
			name = Release;
		};
		59038D341C706B43007BE74D /* Debug */ = {
			isa = XCBuildConfiguration;
			baseConfigurationReference = 305C305E7DD8B33F7D85B01C /* Pods.debug.xcconfig */;
			buildSettings = {
				ASSETCATALOG_COMPILER_APPICON_NAME = AppIcon;
				CODE_SIGN_IDENTITY = "iPhone Developer";
				"CODE_SIGN_IDENTITY[sdk=iphoneos*]" = "iPhone Developer";
				FRAMEWORK_SEARCH_PATHS = (
					"$(inherited)",
					"$(PROJECT_DIR)/家校通/Frameworks",
				);
				GCC_PREFIX_HEADER = "$(SRCROOT)/家校通/Supporting Files/PrefixHeader.pch";
				INFOPLIST_FILE = "家校通/Info.plist";
				LD_RUNPATH_SEARCH_PATHS = "$(inherited) @executable_path/Frameworks";
				OTHER_LDFLAGS = (
					"-ObjC",
					"-lz",
					"-framework",
					Reveal,
				);
				PRODUCT_BUNDLE_IDENTIFIER = com.Nine.graduationProject;
				PRODUCT_NAME = "$(TARGET_NAME)";
				PROVISIONING_PROFILE = "";
			};
			name = Debug;
		};
		59038D351C706B43007BE74D /* Release */ = {
			isa = XCBuildConfiguration;
			baseConfigurationReference = EB8B5C3766110C64F9273C4A /* Pods.release.xcconfig */;
			buildSettings = {
				ASSETCATALOG_COMPILER_APPICON_NAME = AppIcon;
				CODE_SIGN_IDENTITY = "iPhone Developer";
				"CODE_SIGN_IDENTITY[sdk=iphoneos*]" = "iPhone Developer";
				FRAMEWORK_SEARCH_PATHS = (
					"$(inherited)",
					"$(PROJECT_DIR)/家校通/Frameworks",
				);
				GCC_PREFIX_HEADER = "$(SRCROOT)/家校通/Supporting Files/PrefixHeader.pch";
				INFOPLIST_FILE = "家校通/Info.plist";
				LD_RUNPATH_SEARCH_PATHS = "$(inherited) @executable_path/Frameworks";
				OTHER_LDFLAGS = "";
				PRODUCT_BUNDLE_IDENTIFIER = com.Nine.graduationProject;
				PRODUCT_NAME = "$(TARGET_NAME)";
				PROVISIONING_PROFILE = "";
			};
			name = Release;
		};
		59038D371C706B43007BE74D /* Debug */ = {
			isa = XCBuildConfiguration;
			buildSettings = {
				BUNDLE_LOADER = "$(TEST_HOST)";
				INFOPLIST_FILE = "家校通Tests/Info.plist";
				LD_RUNPATH_SEARCH_PATHS = "$(inherited) @executable_path/Frameworks @loader_path/Frameworks";
				PRODUCT_BUNDLE_IDENTIFIER = "com.Nine.prictice.---Tests";
				PRODUCT_NAME = "$(TARGET_NAME)";
				TEST_HOST = "$(BUILT_PRODUCTS_DIR)/家校通.app/家校通";
			};
			name = Debug;
		};
		59038D381C706B43007BE74D /* Release */ = {
			isa = XCBuildConfiguration;
			buildSettings = {
				BUNDLE_LOADER = "$(TEST_HOST)";
				INFOPLIST_FILE = "家校通Tests/Info.plist";
				LD_RUNPATH_SEARCH_PATHS = "$(inherited) @executable_path/Frameworks @loader_path/Frameworks";
				PRODUCT_BUNDLE_IDENTIFIER = "com.Nine.prictice.---Tests";
				PRODUCT_NAME = "$(TARGET_NAME)";
				TEST_HOST = "$(BUILT_PRODUCTS_DIR)/家校通.app/家校通";
			};
			name = Release;
		};
		59038D3A1C706B43007BE74D /* Debug */ = {
			isa = XCBuildConfiguration;
			buildSettings = {
				INFOPLIST_FILE = "家校通UITests/Info.plist";
				LD_RUNPATH_SEARCH_PATHS = "$(inherited) @executable_path/Frameworks @loader_path/Frameworks";
				PRODUCT_BUNDLE_IDENTIFIER = "com.Nine.prictice.---UITests";
				PRODUCT_NAME = "$(TARGET_NAME)";
				TEST_TARGET_NAME = "家校通";
				USES_XCTRUNNER = YES;
			};
			name = Debug;
		};
		59038D3B1C706B43007BE74D /* Release */ = {
			isa = XCBuildConfiguration;
			buildSettings = {
				INFOPLIST_FILE = "家校通UITests/Info.plist";
				LD_RUNPATH_SEARCH_PATHS = "$(inherited) @executable_path/Frameworks @loader_path/Frameworks";
				PRODUCT_BUNDLE_IDENTIFIER = "com.Nine.prictice.---UITests";
				PRODUCT_NAME = "$(TARGET_NAME)";
				TEST_TARGET_NAME = "家校通";
				USES_XCTRUNNER = YES;
			};
			name = Release;
		};
/* End XCBuildConfiguration section */

/* Begin XCConfigurationList section */
		59038D011C706B42007BE74D /* Build configuration list for PBXProject "家校通" */ = {
			isa = XCConfigurationList;
			buildConfigurations = (
				59038D311C706B43007BE74D /* Debug */,
				59038D321C706B43007BE74D /* Release */,
			);
			defaultConfigurationIsVisible = 0;
			defaultConfigurationName = Release;
		};
		59038D331C706B43007BE74D /* Build configuration list for PBXNativeTarget "家校通" */ = {
			isa = XCConfigurationList;
			buildConfigurations = (
				59038D341C706B43007BE74D /* Debug */,
				59038D351C706B43007BE74D /* Release */,
			);
			defaultConfigurationIsVisible = 0;
			defaultConfigurationName = Release;
		};
		59038D361C706B43007BE74D /* Build configuration list for PBXNativeTarget "家校通Tests" */ = {
			isa = XCConfigurationList;
			buildConfigurations = (
				59038D371C706B43007BE74D /* Debug */,
				59038D381C706B43007BE74D /* Release */,
			);
			defaultConfigurationIsVisible = 0;
			defaultConfigurationName = Release;
		};
		59038D391C706B43007BE74D /* Build configuration list for PBXNativeTarget "家校通UITests" */ = {
			isa = XCConfigurationList;
			buildConfigurations = (
				59038D3A1C706B43007BE74D /* Debug */,
				59038D3B1C706B43007BE74D /* Release */,
			);
			defaultConfigurationIsVisible = 0;
			defaultConfigurationName = Release;
		};
/* End XCConfigurationList section */
	};
	rootObject = 59038CFE1C706B42007BE74D /* Project object */;
}
